
Microsoft Visual Studio Solution File, Format Version 12.00
# Visual Studio Version 16
VisualStudioVersion = 16.0.30907.101
MinimumVisualStudioVersion = 10.0.40219.1
Project("{9A19103F-16F7-4668-BE54-9A1E7A4F7556}") = "CoreFakesStubWeatherStart", "CoreFakesStubWeatherStart\CoreFakesStubWeatherStart.csproj", "{69381876-5F9E-43BF-98AD-90B81FE7C35C}"
EndProject
Project("{9A19103F-16F7-4668-BE54-9A1E7A4F7556}") = "SpacecraftInterface", "SpacecraftInterface\SpacecraftInterface.csproj", "{7ABDCEDE-C9F7-4445-9FF6-583377AA809D}"
EndProject
Project("{FAE04EC0-301F-11D3-BF4B-00C04F79EFBC}") = "WeatherTest", "WeatherTest\WeatherTest.csproj", "{F3F94D06-79FD-4ECC-B27A-DD948425C0C7}"
EndProject
Global
	GlobalSection(SolutionConfigurationPlatforms) = preSolution
		Debug|Any CPU = Debug|Any CPU
		Release|Any CPU = Release|Any CPU
	EndGlobalSection
	GlobalSection(ProjectConfigurationPlatforms) = postSolution
		{69381876-5F9E-43BF-98AD-90B81FE7C35C}.Debug|Any CPU.ActiveCfg = Debug|Any CPU
		{69381876-5F9E-43BF-98AD-90B81FE7C35C}.Debug|Any CPU.Build.0 = Debug|Any CPU
		{69381876-5F9E-43BF-98AD-90B81FE7C35C}.Release|Any CPU.ActiveCfg = Release|Any CPU
		{69381876-5F9E-43BF-98AD-90B81FE7C35C}.Release|Any CPU.Build.0 = Release|Any CPU
		{7ABDCEDE-C9F7-4445-9FF6-583377AA809D}.Debug|Any CPU.ActiveCfg = Debug|Any CPU
		{7ABDCEDE-C9F7-4445-9FF6-583377AA809D}.Debug|Any CPU.Build.0 = Debug|Any CPU
		{7ABDCEDE-C9F7-4445-9FF6-583377AA809D}.Release|Any CPU.ActiveCfg = Release|Any CPU
		{7ABDCEDE-C9F7-4445-9FF6-583377AA809D}.Release|Any CPU.Build.0 = Release|Any CPU
		{F3F94D06-79FD-4ECC-B27A-DD948425C0C7}.Debug|Any CPU.ActiveCfg = Debug|Any CPU
		{F3F94D06-79FD-4ECC-B27A-DD948425C0C7}.Debug|Any CPU.Build.0 = Debug|Any CPU
		{F3F94D06-79FD-4ECC-B27A-DD948425C0C7}.Release|Any CPU.ActiveCfg = Release|Any CPU
		{F3F94D06-79FD-4ECC-B27A-DD948425C0C7}.Release|Any CPU.Build.0 = Release|Any CPU
	EndGlobalSection
	GlobalSection(SolutionProperties) = preSolution
		HideSolutionNode = FALSE
	EndGlobalSection
	GlobalSection(ExtensibilityGlobals) = postSolution
		SolutionGuid = {E5888FBB-F977-46CA-A320-3284AAA41BEB}
	EndGlobalSection
EndGlobal
